
Microsoft Visual Studio Solution File, Format Version 12.00
# Visual Studio 15
VisualStudioVersion = 15.0.27703.2000
MinimumVisualStudioVersion = 10.0.40219.1
Project("{FAE04EC0-301F-11D3-BF4B-00C04F79EFBC}") = "SPA_Datahandler", "SPA_Datahandler\SPA_Datahandler.csproj", "{927D4556-84B3-41C4-805F-3981589BE023}"
EndProject
Project("{FAE04EC0-301F-11D3-BF4B-00C04F79EFBC}") = "PL_ServiceOnline", "PL_ServiceOnline\PL_ServiceOnline.csproj", "{B873C178-AD3B-411B-B8E1-2424D6972242}"
EndProject
Project("{2150E333-8FDC-42A3-9474-1A3956D46DE8}") = "Tests", "Tests", "{C93396EF-CA13-445E-B8FF-52AC21EB6ED9}"
EndProject
Project("{FAE04EC0-301F-11D3-BF4B-00C04F79EFBC}") = "ViewModel.Test", "ViewModel.Test\ViewModel.Test.csproj", "{97AA5265-0DED-4D5C-BF8C-5944176175A5}"
EndProject
Global
	GlobalSection(SolutionConfigurationPlatforms) = preSolution
		All|Any CPU = All|Any CPU
		Debug|Any CPU = Debug|Any CPU
		Release|Any CPU = Release|Any CPU
	EndGlobalSection
	GlobalSection(ProjectConfigurationPlatforms) = postSolution
		{927D4556-84B3-41C4-805F-3981589BE023}.All|Any CPU.ActiveCfg = Release|Any CPU
		{927D4556-84B3-41C4-805F-3981589BE023}.All|Any CPU.Build.0 = Release|Any CPU
		{927D4556-84B3-41C4-805F-3981589BE023}.Debug|Any CPU.ActiveCfg = Debug|Any CPU
		{927D4556-84B3-41C4-805F-3981589BE023}.Debug|Any CPU.Build.0 = Debug|Any CPU
		{927D4556-84B3-41C4-805F-3981589BE023}.Release|Any CPU.ActiveCfg = Release|Any CPU
		{927D4556-84B3-41C4-805F-3981589BE023}.Release|Any CPU.Build.0 = Release|Any CPU
		{B873C178-AD3B-411B-B8E1-2424D6972242}.All|Any CPU.ActiveCfg = Release|Any CPU
		{B873C178-AD3B-411B-B8E1-2424D6972242}.All|Any CPU.Build.0 = Release|Any CPU
		{B873C178-AD3B-411B-B8E1-2424D6972242}.Debug|Any CPU.ActiveCfg = Debug|Any CPU
		{B873C178-AD3B-411B-B8E1-2424D6972242}.Debug|Any CPU.Build.0 = Debug|Any CPU
		{B873C178-AD3B-411B-B8E1-2424D6972242}.Release|Any CPU.ActiveCfg = Release|Any CPU
		{B873C178-AD3B-411B-B8E1-2424D6972242}.Release|Any CPU.Build.0 = Release|Any CPU
		{97AA5265-0DED-4D5C-BF8C-5944176175A5}.All|Any CPU.ActiveCfg = Release|Any CPU
		{97AA5265-0DED-4D5C-BF8C-5944176175A5}.All|Any CPU.Build.0 = Release|Any CPU
		{97AA5265-0DED-4D5C-BF8C-5944176175A5}.Debug|Any CPU.ActiveCfg = Debug|Any CPU
		{97AA5265-0DED-4D5C-BF8C-5944176175A5}.Debug|Any CPU.Build.0 = Debug|Any CPU
		{97AA5265-0DED-4D5C-BF8C-5944176175A5}.Release|Any CPU.ActiveCfg = Release|Any CPU
		{97AA5265-0DED-4D5C-BF8C-5944176175A5}.Release|Any CPU.Build.0 = Release|Any CPU
	EndGlobalSection
	GlobalSection(SolutionProperties) = preSolution
		HideSolutionNode = FALSE
	EndGlobalSection
	GlobalSection(NestedProjects) = preSolution
		{97AA5265-0DED-4D5C-BF8C-5944176175A5} = {C93396EF-CA13-445E-B8FF-52AC21EB6ED9}
	EndGlobalSection
	GlobalSection(ExtensibilityGlobals) = postSolution
		SolutionGuid = {4188EA96-E078-44D2-8083-6CCDF0BD58C4}
	EndGlobalSection
EndGlobal
